
Microsoft Visual Studio Solution File, Format Version 12.00
# Visual Studio Version 17
VisualStudioVersion = 17.0.31919.166
MinimumVisualStudioVersion = 10.0.40219.1
Project("{FAE04EC0-301F-11D3-BF4B-00C04F79EFBC}") = "ResistenciaPractica2_MiguelCorrea", "ResistenciaPractica2_MiguelCorrea\ResistenciaPractica2_MiguelCorrea.csproj", "{51B457C0-3E13-4425-B2B1-BDA2485BF881}"
EndProject
Global
	GlobalSection(SolutionConfigurationPlatforms) = preSolution
		Debug|Any CPU = Debug|Any CPU
		Release|Any CPU = Release|Any CPU
	EndGlobalSection
	GlobalSection(ProjectConfigurationPlatforms) = postSolution
		{51B457C0-3E13-4425-B2B1-BDA2485BF881}.Debug|Any CPU.ActiveCfg = Debug|Any CPU
		{51B457C0-3E13-4425-B2B1-BDA2485BF881}.Debug|Any CPU.Build.0 = Debug|Any CPU
		{51B457C0-3E13-4425-B2B1-BDA2485BF881}.Release|Any CPU.ActiveCfg = Release|Any CPU
		{51B457C0-3E13-4425-B2B1-BDA2485BF881}.Release|Any CPU.Build.0 = Release|Any CPU
	EndGlobalSection
	GlobalSection(SolutionProperties) = preSolution
		HideSolutionNode = FALSE
	EndGlobalSection
	GlobalSection(ExtensibilityGlobals) = postSolution
		SolutionGuid = {A776B616-FCAF-4305-BF9F-66FB83123755}
	EndGlobalSection
EndGlobal
